
Microsoft Visual Studio Solution File, Format Version 12.00
# Visual Studio 15
VisualStudioVersion = 15.0.28307.960
MinimumVisualStudioVersion = 10.0.40219.1
Project("{FAE04EC0-301F-11D3-BF4B-00C04F79EFBC}") = "Rockkola", "Rockkola\Rockkola.csproj", "{FBA459D4-3B0B-490E-BFC6-3F96FCC1EB12}"
EndProject
Global
	GlobalSection(SolutionConfigurationPlatforms) = preSolution
		Debug|Any CPU = Debug|Any CPU
		Release|Any CPU = Release|Any CPU
	EndGlobalSection
	GlobalSection(ProjectConfigurationPlatforms) = postSolution
		{FBA459D4-3B0B-490E-BFC6-3F96FCC1EB12}.Debug|Any CPU.ActiveCfg = Debug|Any CPU
		{FBA459D4-3B0B-490E-BFC6-3F96FCC1EB12}.Debug|Any CPU.Build.0 = Debug|Any CPU
		{FBA459D4-3B0B-490E-BFC6-3F96FCC1EB12}.Release|Any CPU.ActiveCfg = Release|Any CPU
		{FBA459D4-3B0B-490E-BFC6-3F96FCC1EB12}.Release|Any CPU.Build.0 = Release|Any CPU
	EndGlobalSection
	GlobalSection(SolutionProperties) = preSolution
		HideSolutionNode = FALSE
	EndGlobalSection
	GlobalSection(ExtensibilityGlobals) = postSolution
		SolutionGuid = {C05B2D82-A66E-40C4-83DF-23DEB8678B56}
	EndGlobalSection
EndGlobal
